// !$*UTF8*$!
{
	archiveVersion = 1;
	classes = {
	};
	objectVersion = 51;
	objects = {

/* Begin PBXBuildFile section */
		5231D088136F2B07E1D51C24 /* Pods_GeneralElection.framework in Frameworks */ = {isa = PBXBuildFile; fileRef = ECB1464823663FCE36FE862D /* Pods_GeneralElection.framework */; };
		CA0DE8CF241CA7C6009FBD03 /* Utilities.swift in Sources */ = {isa = PBXBuildFile; fileRef = CA0DE8CE241CA7C6009FBD03 /* Utilities.swift */; };
		CA26666B242295C4003055EC /* SettingViewController.swift in Sources */ = {isa = PBXBuildFile; fileRef = CA46F9B2241377E500C76E2E /* SettingViewController.swift */; };
		CA26666C242295CE003055EC /* NoticeViewController.swift in Sources */ = {isa = PBXBuildFile; fileRef = CA46F9AB241377CA00C76E2E /* NoticeViewController.swift */; };
		CA2811BA2424937800DCF8AA /* IntExtension.swift in Sources */ = {isa = PBXBuildFile; fileRef = CA2811B92424937800DCF8AA /* IntExtension.swift */; };
		CA2811BC24249FAC00DCF8AA /* CandidateSearchResultViewController.swift in Sources */ = {isa = PBXBuildFile; fileRef = CA2811BB24249FAC00DCF8AA /* CandidateSearchResultViewController.swift */; };
		CA2811BE24249FDF00DCF8AA /* CandidateSearchResultViewModel.swift in Sources */ = {isa = PBXBuildFile; fileRef = CA2811BD24249FDF00DCF8AA /* CandidateSearchResultViewModel.swift */; };
		CA2DCE24241DF085006A304D /* GmarketSansMedium.otf in Resources */ = {isa = PBXBuildFile; fileRef = CA2DCE21241DF084006A304D /* GmarketSansMedium.otf */; };
		CA2DCE25241DF085006A304D /* GmarketSansBold.otf in Resources */ = {isa = PBXBuildFile; fileRef = CA2DCE22241DF084006A304D /* GmarketSansBold.otf */; };
		CA2DCE26241DF085006A304D /* GmarketSansLight.otf in Resources */ = {isa = PBXBuildFile; fileRef = CA2DCE23241DF085006A304D /* GmarketSansLight.otf */; };
		CA2DCE28241E7931006A304D /* ShadowView.swift in Sources */ = {isa = PBXBuildFile; fileRef = CA2DCE27241E7931006A304D /* ShadowView.swift */; };
		CA3D865D2425E38D00872223 /* District.swift in Sources */ = {isa = PBXBuildFile; fileRef = CA3D865C2425E38D00872223 /* District.swift */; };
		CA46F983241369FD00C76E2E /* AppDelegate.swift in Sources */ = {isa = PBXBuildFile; fileRef = CA46F982241369FD00C76E2E /* AppDelegate.swift */; };
		CA46F987241369FD00C76E2E /* HomeViewController.swift in Sources */ = {isa = PBXBuildFile; fileRef = CA46F986241369FD00C76E2E /* HomeViewController.swift */; };
		CA46F98A241369FD00C76E2E /* Main.storyboard in Resources */ = {isa = PBXBuildFile; fileRef = CA46F988241369FD00C76E2E /* Main.storyboard */; };
		CA46F98C24136A0000C76E2E /* Assets.xcassets in Resources */ = {isa = PBXBuildFile; fileRef = CA46F98B24136A0000C76E2E /* Assets.xcassets */; };
		CA46F98F24136A0000C76E2E /* LaunchScreen.storyboard in Resources */ = {isa = PBXBuildFile; fileRef = CA46F98D24136A0000C76E2E /* LaunchScreen.storyboard */; };
		CA46F99F2413729B00C76E2E /* UIViewExtension.swift in Sources */ = {isa = PBXBuildFile; fileRef = CA46F99E2413729B00C76E2E /* UIViewExtension.swift */; };
		CA46F9A12413733B00C76E2E /* UIViewControllerExtension.swift in Sources */ = {isa = PBXBuildFile; fileRef = CA46F9A02413733B00C76E2E /* UIViewControllerExtension.swift */; };
		CA46F9A32413741000C76E2E /* CodableExtension.swift in Sources */ = {isa = PBXBuildFile; fileRef = CA46F9A22413741000C76E2E /* CodableExtension.swift */; };
		CA46F9A52413742500C76E2E /* ArrayExtension.swift in Sources */ = {isa = PBXBuildFile; fileRef = CA46F9A42413742500C76E2E /* ArrayExtension.swift */; };
		CA46F9A72413778D00C76E2E /* Home.storyboard in Resources */ = {isa = PBXBuildFile; fileRef = CA46F9A62413778D00C76E2E /* Home.storyboard */; };
		CA46F9AE241377D800C76E2E /* Notice.storyboard in Resources */ = {isa = PBXBuildFile; fileRef = CA46F9AD241377D800C76E2E /* Notice.storyboard */; };
		CA46F9B4241377EA00C76E2E /* Setting.storyboard in Resources */ = {isa = PBXBuildFile; fileRef = CA46F9B3241377EA00C76E2E /* Setting.storyboard */; };
		CA46F9B624137AD400C76E2E /* SplashViewController.swift in Sources */ = {isa = PBXBuildFile; fileRef = CA46F9B524137AD400C76E2E /* SplashViewController.swift */; };
		CA46F9B824137DCF00C76E2E /* SplashSegue.swift in Sources */ = {isa = PBXBuildFile; fileRef = CA46F9B724137DCF00C76E2E /* SplashSegue.swift */; };
		CA46F9BB2413858B00C76E2E /* MainTabBarController.swift in Sources */ = {isa = PBXBuildFile; fileRef = CA46F9BA2413858B00C76E2E /* MainTabBarController.swift */; };
		CA46F9BD2413873800C76E2E /* BaseViewController.swift in Sources */ = {isa = PBXBuildFile; fileRef = CA46F9BC2413873800C76E2E /* BaseViewController.swift */; };
		CA46F9BF2413874500C76E2E /* BaseViewModel.swift in Sources */ = {isa = PBXBuildFile; fileRef = CA46F9BE2413874500C76E2E /* BaseViewModel.swift */; };
		CA46F9C1241387F500C76E2E /* BaseViewControllerWithViewModel.swift in Sources */ = {isa = PBXBuildFile; fileRef = CA46F9C0241387F500C76E2E /* BaseViewControllerWithViewModel.swift */; };
		CA46F9C32413884A00C76E2E /* NoticeViewModel.swift in Sources */ = {isa = PBXBuildFile; fileRef = CA46F9C22413884A00C76E2E /* NoticeViewModel.swift */; };
		CA46F9C52413886400C76E2E /* HomeViewModel.swift in Sources */ = {isa = PBXBuildFile; fileRef = CA46F9C42413886400C76E2E /* HomeViewModel.swift */; };
		CA46F9C72413887000C76E2E /* SettingViewModel.swift in Sources */ = {isa = PBXBuildFile; fileRef = CA46F9C62413887000C76E2E /* SettingViewModel.swift */; };
		CA46F9CA2413923F00C76E2E /* GoogleService-Info.plist in Resources */ = {isa = PBXBuildFile; fileRef = CA46F9C92413923F00C76E2E /* GoogleService-Info.plist */; };
		CA472466242AE6FC000A3C10 /* CandidateSearchListResultViewController.swift in Sources */ = {isa = PBXBuildFile; fileRef = CA472465242AE6FC000A3C10 /* CandidateSearchListResultViewController.swift */; };
		CA472468242AE768000A3C10 /* CandidateSearchResultListViewModel.swift in Sources */ = {isa = PBXBuildFile; fileRef = CA472467242AE768000A3C10 /* CandidateSearchResultListViewModel.swift */; };
		CA47246A242B2026000A3C10 /* CandidateCell.swift in Sources */ = {isa = PBXBuildFile; fileRef = CA472469242B2026000A3C10 /* CandidateCell.swift */; };
		CA59EF3C24235EA700FECFCD /* SettingCell.swift in Sources */ = {isa = PBXBuildFile; fileRef = CA59EF3B24235EA700FECFCD /* SettingCell.swift */; };
		CA59EF3E24238EF000FECFCD /* FirebaseManager.swift in Sources */ = {isa = PBXBuildFile; fileRef = CA59EF3D24238EF000FECFCD /* FirebaseManager.swift */; };
		CA59EF412423947500FECFCD /* FirebaseHelper.swift in Sources */ = {isa = PBXBuildFile; fileRef = CA59EF402423947500FECFCD /* FirebaseHelper.swift */; };
		CA89034B242B2619006D7F42 /* Candidate.swift in Sources */ = {isa = PBXBuildFile; fileRef = CA89034A242B2619006D7F42 /* Candidate.swift */; };
		CA89034D242B30A0006D7F42 /* Congress.swift in Sources */ = {isa = PBXBuildFile; fileRef = CA89034C242B30A0006D7F42 /* Congress.swift */; };
		CA9AEABA241A17780022A2C8 /* HomeDetail.storyboard in Resources */ = {isa = PBXBuildFile; fileRef = CA9AEAB9241A17780022A2C8 /* HomeDetail.storyboard */; };
		CA9AEAC0241A1F710022A2C8 /* CandidateSearchViewController.swift in Sources */ = {isa = PBXBuildFile; fileRef = CA9AEABF241A1F710022A2C8 /* CandidateSearchViewController.swift */; };
		CA9AEAC2241A1F990022A2C8 /* DistrictSearchViewController.swift in Sources */ = {isa = PBXBuildFile; fileRef = CA9AEAC1241A1F990022A2C8 /* DistrictSearchViewController.swift */; };
		CA9AEACA241A20280022A2C8 /* CandidateSearchViewModel.swift in Sources */ = {isa = PBXBuildFile; fileRef = CA9AEAC9241A20280022A2C8 /* CandidateSearchViewModel.swift */; };
		CA9AEAD0241B0F840022A2C8 /* PartySearchViewController.swift in Sources */ = {isa = PBXBuildFile; fileRef = CA9AEACF241B0F840022A2C8 /* PartySearchViewController.swift */; };
		CA9AEAD2241B0FA20022A2C8 /* PartySearchViewModel.swift in Sources */ = {isa = PBXBuildFile; fileRef = CA9AEAD1241B0FA20022A2C8 /* PartySearchViewModel.swift */; };
		CA9AEAD5241B27FB0022A2C8 /* DistrictSearchViewModel.swift in Sources */ = {isa = PBXBuildFile; fileRef = CA9AEACB241A202D0022A2C8 /* DistrictSearchViewModel.swift */; };
		CAA33CC7241CDFF50072FCBA /* BaseBackgroundView.swift in Sources */ = {isa = PBXBuildFile; fileRef = CAA33CC6241CDFF50072FCBA /* BaseBackgroundView.swift */; };
		CAF613322421E7C200D26D31 /* Party.swift in Sources */ = {isa = PBXBuildFile; fileRef = CAF613312421E7C200D26D31 /* Party.swift */; };
		CAF613342421E99B00D26D31 /* CityCell.swift in Sources */ = {isa = PBXBuildFile; fileRef = CAF613332421E99B00D26D31 /* CityCell.swift */; };
/* End PBXBuildFile section */

/* Begin PBXFileReference section */
		83AFF34B5AE768ED5C7CDFED /* Pods-GeneralElection.debug.xcconfig */ = {isa = PBXFileReference; includeInIndex = 1; lastKnownFileType = text.xcconfig; name = "Pods-GeneralElection.debug.xcconfig"; path = "Target Support Files/Pods-GeneralElection/Pods-GeneralElection.debug.xcconfig"; sourceTree = "<group>"; };
		93F62ACEFD8BEBFE5CBFCA69 /* Pods-GeneralElection.release.xcconfig */ = {isa = PBXFileReference; includeInIndex = 1; lastKnownFileType = text.xcconfig; name = "Pods-GeneralElection.release.xcconfig"; path = "Target Support Files/Pods-GeneralElection/Pods-GeneralElection.release.xcconfig"; sourceTree = "<group>"; };
		CA0DE8CE241CA7C6009FBD03 /* Utilities.swift */ = {isa = PBXFileReference; lastKnownFileType = sourcecode.swift; path = Utilities.swift; sourceTree = "<group>"; };
		CA2811B92424937800DCF8AA /* IntExtension.swift */ = {isa = PBXFileReference; lastKnownFileType = sourcecode.swift; path = IntExtension.swift; sourceTree = "<group>"; };
		CA2811BB24249FAC00DCF8AA /* CandidateSearchResultViewController.swift */ = {isa = PBXFileReference; lastKnownFileType = sourcecode.swift; path = CandidateSearchResultViewController.swift; sourceTree = "<group>"; };
		CA2811BD24249FDF00DCF8AA /* CandidateSearchResultViewModel.swift */ = {isa = PBXFileReference; lastKnownFileType = sourcecode.swift; path = CandidateSearchResultViewModel.swift; sourceTree = "<group>"; };
		CA2DCE21241DF084006A304D /* GmarketSansMedium.otf */ = {isa = PBXFileReference; lastKnownFileType = file; path = GmarketSansMedium.otf; sourceTree = "<group>"; };
		CA2DCE22241DF084006A304D /* GmarketSansBold.otf */ = {isa = PBXFileReference; lastKnownFileType = file; path = GmarketSansBold.otf; sourceTree = "<group>"; };
		CA2DCE23241DF085006A304D /* GmarketSansLight.otf */ = {isa = PBXFileReference; lastKnownFileType = file; path = GmarketSansLight.otf; sourceTree = "<group>"; };
		CA2DCE27241E7931006A304D /* ShadowView.swift */ = {isa = PBXFileReference; lastKnownFileType = sourcecode.swift; path = ShadowView.swift; sourceTree = "<group>"; };
		CA3D865C2425E38D00872223 /* District.swift */ = {isa = PBXFileReference; lastKnownFileType = sourcecode.swift; path = District.swift; sourceTree = "<group>"; };
		CA46F97F241369FD00C76E2E /* 총선.app */ = {isa = PBXFileReference; explicitFileType = wrapper.application; includeInIndex = 0; path = "총선.app"; sourceTree = BUILT_PRODUCTS_DIR; };
		CA46F982241369FD00C76E2E /* AppDelegate.swift */ = {isa = PBXFileReference; lastKnownFileType = sourcecode.swift; path = AppDelegate.swift; sourceTree = "<group>"; };
		CA46F986241369FD00C76E2E /* HomeViewController.swift */ = {isa = PBXFileReference; lastKnownFileType = sourcecode.swift; path = HomeViewController.swift; sourceTree = "<group>"; };
		CA46F989241369FD00C76E2E /* Base */ = {isa = PBXFileReference; lastKnownFileType = file.storyboard; name = Base; path = Base.lproj/Main.storyboard; sourceTree = "<group>"; };
		CA46F98B24136A0000C76E2E /* Assets.xcassets */ = {isa = PBXFileReference; lastKnownFileType = folder.assetcatalog; path = Assets.xcassets; sourceTree = "<group>"; };
		CA46F98E24136A0000C76E2E /* Base */ = {isa = PBXFileReference; lastKnownFileType = file.storyboard; name = Base; path = Base.lproj/LaunchScreen.storyboard; sourceTree = "<group>"; };
		CA46F99024136A0000C76E2E /* Info.plist */ = {isa = PBXFileReference; lastKnownFileType = text.plist.xml; path = Info.plist; sourceTree = "<group>"; };
		CA46F99E2413729B00C76E2E /* UIViewExtension.swift */ = {isa = PBXFileReference; lastKnownFileType = sourcecode.swift; path = UIViewExtension.swift; sourceTree = "<group>"; };
		CA46F9A02413733B00C76E2E /* UIViewControllerExtension.swift */ = {isa = PBXFileReference; lastKnownFileType = sourcecode.swift; path = UIViewControllerExtension.swift; sourceTree = "<group>"; };
		CA46F9A22413741000C76E2E /* CodableExtension.swift */ = {isa = PBXFileReference; lastKnownFileType = sourcecode.swift; path = CodableExtension.swift; sourceTree = "<group>"; };
		CA46F9A42413742500C76E2E /* ArrayExtension.swift */ = {isa = PBXFileReference; lastKnownFileType = sourcecode.swift; path = ArrayExtension.swift; sourceTree = "<group>"; };
		CA46F9A62413778D00C76E2E /* Home.storyboard */ = {isa = PBXFileReference; lastKnownFileType = file.storyboard; path = Home.storyboard; sourceTree = "<group>"; };
		CA46F9AB241377CA00C76E2E /* NoticeViewController.swift */ = {isa = PBXFileReference; lastKnownFileType = sourcecode.swift; path = NoticeViewController.swift; sourceTree = "<group>"; };
		CA46F9AD241377D800C76E2E /* Notice.storyboard */ = {isa = PBXFileReference; lastKnownFileType = file.storyboard; path = Notice.storyboard; sourceTree = "<group>"; };
		CA46F9B2241377E500C76E2E /* SettingViewController.swift */ = {isa = PBXFileReference; lastKnownFileType = sourcecode.swift; path = SettingViewController.swift; sourceTree = "<group>"; };
		CA46F9B3241377EA00C76E2E /* Setting.storyboard */ = {isa = PBXFileReference; lastKnownFileType = file.storyboard; path = Setting.storyboard; sourceTree = "<group>"; };
		CA46F9B524137AD400C76E2E /* SplashViewController.swift */ = {isa = PBXFileReference; lastKnownFileType = sourcecode.swift; path = SplashViewController.swift; sourceTree = "<group>"; };
		CA46F9B724137DCF00C76E2E /* SplashSegue.swift */ = {isa = PBXFileReference; lastKnownFileType = sourcecode.swift; path = SplashSegue.swift; sourceTree = "<group>"; };
		CA46F9BA2413858B00C76E2E /* MainTabBarController.swift */ = {isa = PBXFileReference; lastKnownFileType = sourcecode.swift; path = MainTabBarController.swift; sourceTree = "<group>"; };
		CA46F9BC2413873800C76E2E /* BaseViewController.swift */ = {isa = PBXFileReference; lastKnownFileType = sourcecode.swift; path = BaseViewController.swift; sourceTree = "<group>"; };
		CA46F9BE2413874500C76E2E /* BaseViewModel.swift */ = {isa = PBXFileReference; lastKnownFileType = sourcecode.swift; path = BaseViewModel.swift; sourceTree = "<group>"; };
		CA46F9C0241387F500C76E2E /* BaseViewControllerWithViewModel.swift */ = {isa = PBXFileReference; lastKnownFileType = sourcecode.swift; path = BaseViewControllerWithViewModel.swift; sourceTree = "<group>"; };
		CA46F9C22413884A00C76E2E /* NoticeViewModel.swift */ = {isa = PBXFileReference; lastKnownFileType = sourcecode.swift; path = NoticeViewModel.swift; sourceTree = "<group>"; };
		CA46F9C42413886400C76E2E /* HomeViewModel.swift */ = {isa = PBXFileReference; lastKnownFileType = sourcecode.swift; path = HomeViewModel.swift; sourceTree = "<group>"; };
		CA46F9C62413887000C76E2E /* SettingViewModel.swift */ = {isa = PBXFileReference; lastKnownFileType = sourcecode.swift; path = SettingViewModel.swift; sourceTree = "<group>"; };
		CA46F9C92413923F00C76E2E /* GoogleService-Info.plist */ = {isa = PBXFileReference; fileEncoding = 4; lastKnownFileType = text.plist.xml; path = "GoogleService-Info.plist"; sourceTree = "<group>"; };
		CA472465242AE6FC000A3C10 /* CandidateSearchListResultViewController.swift */ = {isa = PBXFileReference; lastKnownFileType = sourcecode.swift; path = CandidateSearchListResultViewController.swift; sourceTree = "<group>"; };
		CA472467242AE768000A3C10 /* CandidateSearchResultListViewModel.swift */ = {isa = PBXFileReference; lastKnownFileType = sourcecode.swift; path = CandidateSearchResultListViewModel.swift; sourceTree = "<group>"; };
		CA472469242B2026000A3C10 /* CandidateCell.swift */ = {isa = PBXFileReference; lastKnownFileType = sourcecode.swift; path = CandidateCell.swift; sourceTree = "<group>"; };
		CA59EF3B24235EA700FECFCD /* SettingCell.swift */ = {isa = PBXFileReference; lastKnownFileType = sourcecode.swift; path = SettingCell.swift; sourceTree = "<group>"; };
		CA59EF3D24238EF000FECFCD /* FirebaseManager.swift */ = {isa = PBXFileReference; lastKnownFileType = sourcecode.swift; path = FirebaseManager.swift; sourceTree = "<group>"; };
		CA59EF402423947500FECFCD /* FirebaseHelper.swift */ = {isa = PBXFileReference; lastKnownFileType = sourcecode.swift; path = FirebaseHelper.swift; sourceTree = "<group>"; };
		CA89034A242B2619006D7F42 /* Candidate.swift */ = {isa = PBXFileReference; lastKnownFileType = sourcecode.swift; path = Candidate.swift; sourceTree = "<group>"; };
		CA89034C242B30A0006D7F42 /* Congress.swift */ = {isa = PBXFileReference; lastKnownFileType = sourcecode.swift; path = Congress.swift; sourceTree = "<group>"; };
		CA9AEAB9241A17780022A2C8 /* HomeDetail.storyboard */ = {isa = PBXFileReference; lastKnownFileType = file.storyboard; path = HomeDetail.storyboard; sourceTree = "<group>"; };
		CA9AEABF241A1F710022A2C8 /* CandidateSearchViewController.swift */ = {isa = PBXFileReference; lastKnownFileType = sourcecode.swift; path = CandidateSearchViewController.swift; sourceTree = "<group>"; };
		CA9AEAC1241A1F990022A2C8 /* DistrictSearchViewController.swift */ = {isa = PBXFileReference; lastKnownFileType = sourcecode.swift; path = DistrictSearchViewController.swift; sourceTree = "<group>"; };
		CA9AEAC9241A20280022A2C8 /* CandidateSearchViewModel.swift */ = {isa = PBXFileReference; lastKnownFileType = sourcecode.swift; path = CandidateSearchViewModel.swift; sourceTree = "<group>"; };
		CA9AEACB241A202D0022A2C8 /* DistrictSearchViewModel.swift */ = {isa = PBXFileReference; lastKnownFileType = sourcecode.swift; path = DistrictSearchViewModel.swift; sourceTree = "<group>"; };
		CA9AEACF241B0F840022A2C8 /* PartySearchViewController.swift */ = {isa = PBXFileReference; lastKnownFileType = sourcecode.swift; path = PartySearchViewController.swift; sourceTree = "<group>"; };
		CA9AEAD1241B0FA20022A2C8 /* PartySearchViewModel.swift */ = {isa = PBXFileReference; lastKnownFileType = sourcecode.swift; path = PartySearchViewModel.swift; sourceTree = "<group>"; };
		CAA33CC6241CDFF50072FCBA /* BaseBackgroundView.swift */ = {isa = PBXFileReference; lastKnownFileType = sourcecode.swift; path = BaseBackgroundView.swift; sourceTree = "<group>"; };
		CAF613312421E7C200D26D31 /* Party.swift */ = {isa = PBXFileReference; lastKnownFileType = sourcecode.swift; path = Party.swift; sourceTree = "<group>"; };
		CAF613332421E99B00D26D31 /* CityCell.swift */ = {isa = PBXFileReference; lastKnownFileType = sourcecode.swift; path = CityCell.swift; sourceTree = "<group>"; };
		ECB1464823663FCE36FE862D /* Pods_GeneralElection.framework */ = {isa = PBXFileReference; explicitFileType = wrapper.framework; includeInIndex = 0; path = Pods_GeneralElection.framework; sourceTree = BUILT_PRODUCTS_DIR; };
/* End PBXFileReference section */

/* Begin PBXFrameworksBuildPhase section */
		CA46F97C241369FD00C76E2E /* Frameworks */ = {
			isa = PBXFrameworksBuildPhase;
			buildActionMask = 2147483647;
			files = (
				5231D088136F2B07E1D51C24 /* Pods_GeneralElection.framework in Frameworks */,
			);
			runOnlyForDeploymentPostprocessing = 0;
		};
/* End PBXFrameworksBuildPhase section */

/* Begin PBXGroup section */
		7BDAC66A96E3901B84701084 /* Frameworks */ = {
			isa = PBXGroup;
			children = (
				ECB1464823663FCE36FE862D /* Pods_GeneralElection.framework */,
			);
			name = Frameworks;
			sourceTree = "<group>";
		};
		846293F4AE6A1473059A08AA /* Pods */ = {
			isa = PBXGroup;
			children = (
				83AFF34B5AE768ED5C7CDFED /* Pods-GeneralElection.debug.xcconfig */,
				93F62ACEFD8BEBFE5CBFCA69 /* Pods-GeneralElection.release.xcconfig */,
			);
			path = Pods;
			sourceTree = "<group>";
		};
		CA3D865B2425CA9800872223 /* model */ = {
			isa = PBXGroup;
			children = (
				CAF613312421E7C200D26D31 /* Party.swift */,
				CA3D865C2425E38D00872223 /* District.swift */,
				CA89034A242B2619006D7F42 /* Candidate.swift */,
				CA89034C242B30A0006D7F42 /* Congress.swift */,
			);
			path = model;
			sourceTree = "<group>";
		};
		CA46F976241369FD00C76E2E = {
			isa = PBXGroup;
			children = (
				CA46F981241369FD00C76E2E /* GeneralElection */,
				CA46F980241369FD00C76E2E /* Products */,
				846293F4AE6A1473059A08AA /* Pods */,
				7BDAC66A96E3901B84701084 /* Frameworks */,
			);
			sourceTree = "<group>";
		};
		CA46F980241369FD00C76E2E /* Products */ = {
			isa = PBXGroup;
			children = (
				CA46F97F241369FD00C76E2E /* 총선.app */,
			);
			name = Products;
			sourceTree = "<group>";
		};
		CA46F981241369FD00C76E2E /* GeneralElection */ = {
			isa = PBXGroup;
			children = (
				CA46F9C82413921000C76E2E /* resources */,
				CA46F9B92413857600C76E2E /* start */,
				CA46F99C2413727B00C76E2E /* util */,
				CAF613302421E7A700D26D31 /* data */,
				CA46F9972413709600C76E2E /* notice */,
				CA46F9962413708D00C76E2E /* home */,
				CA46F998241370CD00C76E2E /* setting */,
				CA46F988241369FD00C76E2E /* Main.storyboard */,
				CA46F99024136A0000C76E2E /* Info.plist */,
			);
			path = GeneralElection;
			sourceTree = "<group>";
		};
		CA46F9962413708D00C76E2E /* home */ = {
			isa = PBXGroup;
			children = (
				CAA33CC5241CDF120072FCBA /* home */,
				CA9AEACC241B0F420022A2C8 /* party_search */,
				CA9AEAC3241A1FD90022A2C8 /* district_search */,
				CA9AEAC4241A1FE20022A2C8 /* candidate_search */,
			);
			path = home;
			sourceTree = "<group>";
		};
		CA46F9972413709600C76E2E /* notice */ = {
			isa = PBXGroup;
			children = (
				CA46F9AD241377D800C76E2E /* Notice.storyboard */,
				CA46F9A8241377C300C76E2E /* viewmodel */,
				CA46F9AA241377C300C76E2E /* viewcontroller */,
			);
			path = notice;
			sourceTree = "<group>";
		};
		CA46F998241370CD00C76E2E /* setting */ = {
			isa = PBXGroup;
			children = (
				CA46F9B3241377EA00C76E2E /* Setting.storyboard */,
				CA46F9B1241377DF00C76E2E /* viewmodel */,
				CA46F9B0241377DE00C76E2E /* view */,
			);
			path = setting;
			sourceTree = "<group>";
		};
		CA46F99A2413722900C76E2E /* viewmodel */ = {
			isa = PBXGroup;
			children = (
				CA46F9C42413886400C76E2E /* HomeViewModel.swift */,
			);
			path = viewmodel;
			sourceTree = "<group>";
		};
		CA46F99B2413726A00C76E2E /* view */ = {
			isa = PBXGroup;
			children = (
				CA46F986241369FD00C76E2E /* HomeViewController.swift */,
			);
			path = view;
			sourceTree = "<group>";
		};
		CA46F99C2413727B00C76E2E /* util */ = {
			isa = PBXGroup;
			children = (
				CA59EF3F2423946600FECFCD /* firebase */,
				CA46F99D2413728100C76E2E /* extension */,
				CA46F9B724137DCF00C76E2E /* SplashSegue.swift */,
				CA46F9BC2413873800C76E2E /* BaseViewController.swift */,
				CA46F9BE2413874500C76E2E /* BaseViewModel.swift */,
				CA46F9C0241387F500C76E2E /* BaseViewControllerWithViewModel.swift */,
				CA0DE8CE241CA7C6009FBD03 /* Utilities.swift */,
				CAA33CC6241CDFF50072FCBA /* BaseBackgroundView.swift */,
				CA2DCE27241E7931006A304D /* ShadowView.swift */,
			);
			path = util;
			sourceTree = "<group>";
		};
		CA46F99D2413728100C76E2E /* extension */ = {
			isa = PBXGroup;
			children = (
				CA46F99E2413729B00C76E2E /* UIViewExtension.swift */,
				CA46F9A02413733B00C76E2E /* UIViewControllerExtension.swift */,
				CA46F9A22413741000C76E2E /* CodableExtension.swift */,
				CA46F9A42413742500C76E2E /* ArrayExtension.swift */,
				CA2811B92424937800DCF8AA /* IntExtension.swift */,
			);
			path = extension;
			sourceTree = "<group>";
		};
		CA46F9A8241377C300C76E2E /* viewmodel */ = {
			isa = PBXGroup;
			children = (
				CA46F9C22413884A00C76E2E /* NoticeViewModel.swift */,
			);
			path = viewmodel;
			sourceTree = "<group>";
		};
		CA46F9AA241377C300C76E2E /* viewcontroller */ = {
			isa = PBXGroup;
			children = (
				CA46F9AB241377CA00C76E2E /* NoticeViewController.swift */,
			);
			path = viewcontroller;
			sourceTree = "<group>";
		};
		CA46F9B0241377DE00C76E2E /* view */ = {
			isa = PBXGroup;
			children = (
				CA46F9B2241377E500C76E2E /* SettingViewController.swift */,
				CA59EF3B24235EA700FECFCD /* SettingCell.swift */,
			);
			path = view;
			sourceTree = "<group>";
		};
		CA46F9B1241377DF00C76E2E /* viewmodel */ = {
			isa = PBXGroup;
			children = (
				CA46F9C62413887000C76E2E /* SettingViewModel.swift */,
			);
			path = viewmodel;
			sourceTree = "<group>";
		};
		CA46F9B92413857600C76E2E /* start */ = {
			isa = PBXGroup;
			children = (
				CA46F982241369FD00C76E2E /* AppDelegate.swift */,
				CA46F9B524137AD400C76E2E /* SplashViewController.swift */,
				CA46F9BA2413858B00C76E2E /* MainTabBarController.swift */,
			);
			path = start;
			sourceTree = "<group>";
		};
		CA46F9C82413921000C76E2E /* resources */ = {
			isa = PBXGroup;
			children = (
				CA2DCE22241DF084006A304D /* GmarketSansBold.otf */,
				CA2DCE23241DF085006A304D /* GmarketSansLight.otf */,
				CA2DCE21241DF084006A304D /* GmarketSansMedium.otf */,
				CA46F9C92413923F00C76E2E /* GoogleService-Info.plist */,
				CA46F98D24136A0000C76E2E /* LaunchScreen.storyboard */,
				CA46F98B24136A0000C76E2E /* Assets.xcassets */,
			);
			path = resources;
			sourceTree = "<group>";
		};
		CA59EF3F2423946600FECFCD /* firebase */ = {
			isa = PBXGroup;
			children = (
				CA59EF402423947500FECFCD /* FirebaseHelper.swift */,
				CA59EF3D24238EF000FECFCD /* FirebaseManager.swift */,
			);
			path = firebase;
			sourceTree = "<group>";
		};
		CA9AEAC3241A1FD90022A2C8 /* district_search */ = {
			isa = PBXGroup;
			children = (
				CA9AEAB9241A17780022A2C8 /* HomeDetail.storyboard */,
				CA9AEAC6241A1FF60022A2C8 /* view */,
				CA9AEAC5241A1FF20022A2C8 /* viewmodel */,
			);
			path = district_search;
			sourceTree = "<group>";
		};
		CA9AEAC4241A1FE20022A2C8 /* candidate_search */ = {
			isa = PBXGroup;
			children = (
				CA9AEAC8241A20140022A2C8 /* view */,
				CA9AEAC7241A200E0022A2C8 /* viewmodel */,
			);
			path = candidate_search;
			sourceTree = "<group>";
		};
		CA9AEAC5241A1FF20022A2C8 /* viewmodel */ = {
			isa = PBXGroup;
			children = (
				CA9AEACB241A202D0022A2C8 /* DistrictSearchViewModel.swift */,
			);
			path = viewmodel;
			sourceTree = "<group>";
		};
		CA9AEAC6241A1FF60022A2C8 /* view */ = {
			isa = PBXGroup;
			children = (
				CA9AEAC1241A1F990022A2C8 /* DistrictSearchViewController.swift */,
				CAF613332421E99B00D26D31 /* CityCell.swift */,
			);
			path = view;
			sourceTree = "<group>";
		};
		CA9AEAC7241A200E0022A2C8 /* viewmodel */ = {
			isa = PBXGroup;
			children = (
				CA9AEAC9241A20280022A2C8 /* CandidateSearchViewModel.swift */,
				CA2811BD24249FDF00DCF8AA /* CandidateSearchResultViewModel.swift */,
				CA472467242AE768000A3C10 /* CandidateSearchResultListViewModel.swift */,
			);
			path = viewmodel;
			sourceTree = "<group>";
		};
		CA9AEAC8241A20140022A2C8 /* view */ = {
			isa = PBXGroup;
			children = (
				CA9AEABF241A1F710022A2C8 /* CandidateSearchViewController.swift */,
				CA2811BB24249FAC00DCF8AA /* CandidateSearchResultViewController.swift */,
				CA472465242AE6FC000A3C10 /* CandidateSearchListResultViewController.swift */,
				CA472469242B2026000A3C10 /* CandidateCell.swift */,
			);
			path = view;
			sourceTree = "<group>";
		};
		CA9AEACC241B0F420022A2C8 /* party_search */ = {
			isa = PBXGroup;
			children = (
				CA9AEACE241B0F660022A2C8 /* view */,
				CA9AEACD241B0F600022A2C8 /* viewmodel */,
			);
			path = party_search;
			sourceTree = "<group>";
		};
		CA9AEACD241B0F600022A2C8 /* viewmodel */ = {
			isa = PBXGroup;
			children = (
				CA9AEAD1241B0FA20022A2C8 /* PartySearchViewModel.swift */,
			);
			path = viewmodel;
			sourceTree = "<group>";
		};
		CA9AEACE241B0F660022A2C8 /* view */ = {
			isa = PBXGroup;
			children = (
				CA9AEACF241B0F840022A2C8 /* PartySearchViewController.swift */,
			);
			path = view;
			sourceTree = "<group>";
		};
		CAA33CC5241CDF120072FCBA /* home */ = {
			isa = PBXGroup;
			children = (
				CA46F9A62413778D00C76E2E /* Home.storyboard */,
				CA46F99A2413722900C76E2E /* viewmodel */,
				CA46F99B2413726A00C76E2E /* view */,
			);
			path = home;
			sourceTree = "<group>";
		};
		CAF613302421E7A700D26D31 /* data */ = {
			isa = PBXGroup;
			children = (
				CA3D865B2425CA9800872223 /* model */,
			);
			path = data;
			sourceTree = "<group>";
		};
/* End PBXGroup section */

/* Begin PBXNativeTarget section */
		CA46F97E241369FD00C76E2E /* GeneralElection */ = {
			isa = PBXNativeTarget;
			buildConfigurationList = CA46F99324136A0000C76E2E /* Build configuration list for PBXNativeTarget "GeneralElection" */;
			buildPhases = (
				C604AA2F5C59573138B3AF0C /* [CP] Check Pods Manifest.lock */,
				CA46F97B241369FD00C76E2E /* Sources */,
				CA46F97C241369FD00C76E2E /* Frameworks */,
				E62EED9B3D667B480F11A2F0 /* [Carte] Pre Script */,
				CA46F97D241369FD00C76E2E /* Resources */,
				6F09AC68488332B30709BADD /* [Carte] Post Script */,
				7335ABCA7DD2018895FB2CDA /* [CP] Embed Pods Frameworks */,
			);
			buildRules = (
			);
			dependencies = (
			);
			name = GeneralElection;
			productName = GeneralElection;
			productReference = CA46F97F241369FD00C76E2E /* 총선.app */;
			productType = "com.apple.product-type.application";
		};
/* End PBXNativeTarget section */

/* Begin PBXProject section */
		CA46F977241369FD00C76E2E /* Project object */ = {
			isa = PBXProject;
			attributes = {
				LastSwiftUpdateCheck = 1130;
				LastUpgradeCheck = 1130;
				ORGANIZATIONNAME = Parsrich;
				TargetAttributes = {
					CA46F97E241369FD00C76E2E = {
						CreatedOnToolsVersion = 11.3.1;
					};
				};
			};
			buildConfigurationList = CA46F97A241369FD00C76E2E /* Build configuration list for PBXProject "GeneralElection" */;
			compatibilityVersion = "Xcode 9.3";
			developmentRegion = en;
			hasScannedForEncodings = 0;
			knownRegions = (
				en,
				Base,
			);
			mainGroup = CA46F976241369FD00C76E2E;
			productRefGroup = CA46F980241369FD00C76E2E /* Products */;
			projectDirPath = "";
			projectRoot = "";
			targets = (
				CA46F97E241369FD00C76E2E /* GeneralElection */,
			);
		};
/* End PBXProject section */

/* Begin PBXResourcesBuildPhase section */
		CA46F97D241369FD00C76E2E /* Resources */ = {
			isa = PBXResourcesBuildPhase;
			buildActionMask = 2147483647;
			files = (
				CA46F98F24136A0000C76E2E /* LaunchScreen.storyboard in Resources */,
				CA46F98C24136A0000C76E2E /* Assets.xcassets in Resources */,
				CA46F9AE241377D800C76E2E /* Notice.storyboard in Resources */,
				CA46F98A241369FD00C76E2E /* Main.storyboard in Resources */,
				CA9AEABA241A17780022A2C8 /* HomeDetail.storyboard in Resources */,
				CA46F9A72413778D00C76E2E /* Home.storyboard in Resources */,
				CA2DCE24241DF085006A304D /* GmarketSansMedium.otf in Resources */,
				CA2DCE25241DF085006A304D /* GmarketSansBold.otf in Resources */,
				CA46F9B4241377EA00C76E2E /* Setting.storyboard in Resources */,
				CA2DCE26241DF085006A304D /* GmarketSansLight.otf in Resources */,
				CA46F9CA2413923F00C76E2E /* GoogleService-Info.plist in Resources */,
			);
			runOnlyForDeploymentPostprocessing = 0;
		};
/* End PBXResourcesBuildPhase section */

/* Begin PBXShellScriptBuildPhase section */
		6F09AC68488332B30709BADD /* [Carte] Post Script */ = {
			isa = PBXShellScriptBuildPhase;
			buildActionMask = 2147483647;
			files = (
			);
			inputFileListPaths = (
			);
			inputPaths = (
			);
			name = "[Carte] Post Script";
			outputFileListPaths = (
			);
			outputPaths = (
			);
			runOnlyForDeploymentPostprocessing = 0;
			shellPath = /bin/sh;
			shellScript = "ruby ${PODS_ROOT}/Carte/Sources/Carte/carte.rb post";
			showEnvVarsInLog = 0;
		};
		7335ABCA7DD2018895FB2CDA /* [CP] Embed Pods Frameworks */ = {
			isa = PBXShellScriptBuildPhase;
			buildActionMask = 2147483647;
			files = (
			);
			inputFileListPaths = (
				"${PODS_ROOT}/Target Support Files/Pods-GeneralElection/Pods-GeneralElection-frameworks-${CONFIGURATION}-input-files.xcfilelist",
			);
			name = "[CP] Embed Pods Frameworks";
			outputFileListPaths = (
				"${PODS_ROOT}/Target Support Files/Pods-GeneralElection/Pods-GeneralElection-frameworks-${CONFIGURATION}-output-files.xcfilelist",
			);
			runOnlyForDeploymentPostprocessing = 0;
			shellPath = /bin/sh;
			shellScript = "\"${PODS_ROOT}/Target Support Files/Pods-GeneralElection/Pods-GeneralElection-frameworks.sh\"\n";
			showEnvVarsInLog = 0;
		};
		C604AA2F5C59573138B3AF0C /* [CP] Check Pods Manifest.lock */ = {
			isa = PBXShellScriptBuildPhase;
			buildActionMask = 2147483647;
			files = (
			);
			inputFileListPaths = (
			);
			inputPaths = (
				"${PODS_PODFILE_DIR_PATH}/Podfile.lock",
				"${PODS_ROOT}/Manifest.lock",
			);
			name = "[CP] Check Pods Manifest.lock";
			outputFileListPaths = (
			);
			outputPaths = (
				"$(DERIVED_FILE_DIR)/Pods-GeneralElection-checkManifestLockResult.txt",
			);
			runOnlyForDeploymentPostprocessing = 0;
			shellPath = /bin/sh;
			shellScript = "diff \"${PODS_PODFILE_DIR_PATH}/Podfile.lock\" \"${PODS_ROOT}/Manifest.lock\" > /dev/null\nif [ $? != 0 ] ; then\n    # print error to STDERR\n    echo \"error: The sandbox is not in sync with the Podfile.lock. Run 'pod install' or update your CocoaPods installation.\" >&2\n    exit 1\nfi\n# This output is used by Xcode 'outputs' to avoid re-running this script phase.\necho \"SUCCESS\" > \"${SCRIPT_OUTPUT_FILE_0}\"\n";
			showEnvVarsInLog = 0;
		};
		E62EED9B3D667B480F11A2F0 /* [Carte] Pre Script */ = {
			isa = PBXShellScriptBuildPhase;
			buildActionMask = 2147483647;
			files = (
			);
			inputFileListPaths = (
			);
			inputPaths = (
			);
			name = "[Carte] Pre Script";
			outputFileListPaths = (
			);
			outputPaths = (
			);
			runOnlyForDeploymentPostprocessing = 0;
			shellPath = /bin/sh;
			shellScript = "ruby ${PODS_ROOT}/Carte/Sources/Carte/carte.rb pre";
			showEnvVarsInLog = 0;
		};
/* End PBXShellScriptBuildPhase section */

/* Begin PBXSourcesBuildPhase section */
		CA46F97B241369FD00C76E2E /* Sources */ = {
			isa = PBXSourcesBuildPhase;
			buildActionMask = 2147483647;
			files = (
				CA26666C242295CE003055EC /* NoticeViewController.swift in Sources */,
				CA26666B242295C4003055EC /* SettingViewController.swift in Sources */,
				CA9AEAD5241B27FB0022A2C8 /* DistrictSearchViewModel.swift in Sources */,
				CA9AEAC0241A1F710022A2C8 /* CandidateSearchViewController.swift in Sources */,
				CA0DE8CF241CA7C6009FBD03 /* Utilities.swift in Sources */,
				CA46F9A12413733B00C76E2E /* UIViewControllerExtension.swift in Sources */,
				CA46F9BF2413874500C76E2E /* BaseViewModel.swift in Sources */,
				CA46F99F2413729B00C76E2E /* UIViewExtension.swift in Sources */,
				CA46F9BB2413858B00C76E2E /* MainTabBarController.swift in Sources */,
				CA89034B242B2619006D7F42 /* Candidate.swift in Sources */,
				CA2811BE24249FDF00DCF8AA /* CandidateSearchResultViewModel.swift in Sources */,
				CA9AEAC2241A1F990022A2C8 /* DistrictSearchViewController.swift in Sources */,
				CA9AEACA241A20280022A2C8 /* CandidateSearchViewModel.swift in Sources */,
				CA89034D242B30A0006D7F42 /* Congress.swift in Sources */,
				CA472468242AE768000A3C10 /* CandidateSearchResultListViewModel.swift in Sources */,
				CA46F9C32413884A00C76E2E /* NoticeViewModel.swift in Sources */,
				CA472466242AE6FC000A3C10 /* CandidateSearchListResultViewController.swift in Sources */,
				CA59EF3E24238EF000FECFCD /* FirebaseManager.swift in Sources */,
				CA46F987241369FD00C76E2E /* HomeViewController.swift in Sources */,
				CA46F9A52413742500C76E2E /* ArrayExtension.swift in Sources */,
				CA59EF3C24235EA700FECFCD /* SettingCell.swift in Sources */,
				CA2DCE28241E7931006A304D /* ShadowView.swift in Sources */,
				CAA33CC7241CDFF50072FCBA /* BaseBackgroundView.swift in Sources */,
				CAF613322421E7C200D26D31 /* Party.swift in Sources */,
				CA46F9C1241387F500C76E2E /* BaseViewControllerWithViewModel.swift in Sources */,
				CAF613342421E99B00D26D31 /* CityCell.swift in Sources */,
				CA2811BA2424937800DCF8AA /* IntExtension.swift in Sources */,
				CA59EF412423947500FECFCD /* FirebaseHelper.swift in Sources */,
				CA46F9BD2413873800C76E2E /* BaseViewController.swift in Sources */,
				CA46F9C52413886400C76E2E /* HomeViewModel.swift in Sources */,
				CA46F9C72413887000C76E2E /* SettingViewModel.swift in Sources */,
				CA47246A242B2026000A3C10 /* CandidateCell.swift in Sources */,
				CA3D865D2425E38D00872223 /* District.swift in Sources */,
				CA46F983241369FD00C76E2E /* AppDelegate.swift in Sources */,
				CA46F9B824137DCF00C76E2E /* SplashSegue.swift in Sources */,
				CA46F9B624137AD400C76E2E /* SplashViewController.swift in Sources */,
				CA2811BC24249FAC00DCF8AA /* CandidateSearchResultViewController.swift in Sources */,
				CA46F9A32413741000C76E2E /* CodableExtension.swift in Sources */,
				CA9AEAD0241B0F840022A2C8 /* PartySearchViewController.swift in Sources */,
				CA9AEAD2241B0FA20022A2C8 /* PartySearchViewModel.swift in Sources */,
			);
			runOnlyForDeploymentPostprocessing = 0;
		};
/* End PBXSourcesBuildPhase section */

/* Begin PBXVariantGroup section */
		CA46F988241369FD00C76E2E /* Main.storyboard */ = {
			isa = PBXVariantGroup;
			children = (
				CA46F989241369FD00C76E2E /* Base */,
			);
			name = Main.storyboard;
			sourceTree = "<group>";
		};
		CA46F98D24136A0000C76E2E /* LaunchScreen.storyboard */ = {
			isa = PBXVariantGroup;
			children = (
				CA46F98E24136A0000C76E2E /* Base */,
			);
			name = LaunchScreen.storyboard;
			sourceTree = "<group>";
		};
/* End PBXVariantGroup section */

/* Begin XCBuildConfiguration section */
		CA46F99124136A0000C76E2E /* Debug */ = {
			isa = XCBuildConfiguration;
			buildSettings = {
				ALWAYS_SEARCH_USER_PATHS = NO;
				CLANG_ANALYZER_NONNULL = YES;
				CLANG_ANALYZER_NUMBER_OBJECT_CONVERSION = YES_AGGRESSIVE;
				CLANG_CXX_LANGUAGE_STANDARD = "gnu++14";
				CLANG_CXX_LIBRARY = "libc++";
				CLANG_ENABLE_MODULES = YES;
				CLANG_ENABLE_OBJC_ARC = YES;
				CLANG_ENABLE_OBJC_WEAK = YES;
				CLANG_WARN_BLOCK_CAPTURE_AUTORELEASING = YES;
				CLANG_WARN_BOOL_CONVERSION = YES;
				CLANG_WARN_COMMA = YES;
				CLANG_WARN_CONSTANT_CONVERSION = YES;
				CLANG_WARN_DEPRECATED_OBJC_IMPLEMENTATIONS = YES;
				CLANG_WARN_DIRECT_OBJC_ISA_USAGE = YES_ERROR;
				CLANG_WARN_DOCUMENTATION_COMMENTS = YES;
				CLANG_WARN_EMPTY_BODY = YES;
				CLANG_WARN_ENUM_CONVERSION = YES;
				CLANG_WARN_INFINITE_RECURSION = YES;
				CLANG_WARN_INT_CONVERSION = YES;
				CLANG_WARN_NON_LITERAL_NULL_CONVERSION = YES;
				CLANG_WARN_OBJC_IMPLICIT_RETAIN_SELF = YES;
				CLANG_WARN_OBJC_LITERAL_CONVERSION = YES;
				CLANG_WARN_OBJC_ROOT_CLASS = YES_ERROR;
				CLANG_WARN_RANGE_LOOP_ANALYSIS = YES;
				CLANG_WARN_STRICT_PROTOTYPES = YES;
				CLANG_WARN_SUSPICIOUS_MOVE = YES;
				CLANG_WARN_UNGUARDED_AVAILABILITY = YES_AGGRESSIVE;
				CLANG_WARN_UNREACHABLE_CODE = YES;
				CLANG_WARN__DUPLICATE_METHOD_MATCH = YES;
				COPY_PHASE_STRIP = NO;
				DEBUG_INFORMATION_FORMAT = dwarf;
				ENABLE_STRICT_OBJC_MSGSEND = YES;
				ENABLE_TESTABILITY = YES;
				GCC_C_LANGUAGE_STANDARD = gnu11;
				GCC_DYNAMIC_NO_PIC = NO;
				GCC_NO_COMMON_BLOCKS = YES;
				GCC_OPTIMIZATION_LEVEL = 0;
				GCC_PREPROCESSOR_DEFINITIONS = (
					"DEBUG=1",
					"$(inherited)",
				);
				GCC_WARN_64_TO_32_BIT_CONVERSION = YES;
				GCC_WARN_ABOUT_RETURN_TYPE = YES_ERROR;
				GCC_WARN_UNDECLARED_SELECTOR = YES;
				GCC_WARN_UNINITIALIZED_AUTOS = YES_AGGRESSIVE;
				GCC_WARN_UNUSED_FUNCTION = YES;
				GCC_WARN_UNUSED_VARIABLE = YES;
				IPHONEOS_DEPLOYMENT_TARGET = 13.2;
				MTL_ENABLE_DEBUG_INFO = INCLUDE_SOURCE;
				MTL_FAST_MATH = YES;
				ONLY_ACTIVE_ARCH = YES;
				SDKROOT = iphoneos;
				SWIFT_ACTIVE_COMPILATION_CONDITIONS = DEBUG;
				SWIFT_OPTIMIZATION_LEVEL = "-Onone";
			};
			name = Debug;
		};
		CA46F99224136A0000C76E2E /* Release */ = {
			isa = XCBuildConfiguration;
			buildSettings = {
				ALWAYS_SEARCH_USER_PATHS = NO;
				CLANG_ANALYZER_NONNULL = YES;
				CLANG_ANALYZER_NUMBER_OBJECT_CONVERSION = YES_AGGRESSIVE;
				CLANG_CXX_LANGUAGE_STANDARD = "gnu++14";
				CLANG_CXX_LIBRARY = "libc++";
				CLANG_ENABLE_MODULES = YES;
				CLANG_ENABLE_OBJC_ARC = YES;
				CLANG_ENABLE_OBJC_WEAK = YES;
				CLANG_WARN_BLOCK_CAPTURE_AUTORELEASING = YES;
				CLANG_WARN_BOOL_CONVERSION = YES;
				CLANG_WARN_COMMA = YES;
				CLANG_WARN_CONSTANT_CONVERSION = YES;
				CLANG_WARN_DEPRECATED_OBJC_IMPLEMENTATIONS = YES;
				CLANG_WARN_DIRECT_OBJC_ISA_USAGE = YES_ERROR;
				CLANG_WARN_DOCUMENTATION_COMMENTS = YES;
				CLANG_WARN_EMPTY_BODY = YES;
				CLANG_WARN_ENUM_CONVERSION = YES;
				CLANG_WARN_INFINITE_RECURSION = YES;
				CLANG_WARN_INT_CONVERSION = YES;
				CLANG_WARN_NON_LITERAL_NULL_CONVERSION = YES;
				CLANG_WARN_OBJC_IMPLICIT_RETAIN_SELF = YES;
				CLANG_WARN_OBJC_LITERAL_CONVERSION = YES;
				CLANG_WARN_OBJC_ROOT_CLASS = YES_ERROR;
				CLANG_WARN_RANGE_LOOP_ANALYSIS = YES;
				CLANG_WARN_STRICT_PROTOTYPES = YES;
				CLANG_WARN_SUSPICIOUS_MOVE = YES;
				CLANG_WARN_UNGUARDED_AVAILABILITY = YES_AGGRESSIVE;
				CLANG_WARN_UNREACHABLE_CODE = YES;
				CLANG_WARN__DUPLICATE_METHOD_MATCH = YES;
				COPY_PHASE_STRIP = NO;
				DEBUG_INFORMATION_FORMAT = "dwarf-with-dsym";
				ENABLE_NS_ASSERTIONS = NO;
				ENABLE_STRICT_OBJC_MSGSEND = YES;
				GCC_C_LANGUAGE_STANDARD = gnu11;
				GCC_NO_COMMON_BLOCKS = YES;
				GCC_WARN_64_TO_32_BIT_CONVERSION = YES;
				GCC_WARN_ABOUT_RETURN_TYPE = YES_ERROR;
				GCC_WARN_UNDECLARED_SELECTOR = YES;
				GCC_WARN_UNINITIALIZED_AUTOS = YES_AGGRESSIVE;
				GCC_WARN_UNUSED_FUNCTION = YES;
				GCC_WARN_UNUSED_VARIABLE = YES;
				IPHONEOS_DEPLOYMENT_TARGET = 13.2;
				MTL_ENABLE_DEBUG_INFO = NO;
				MTL_FAST_MATH = YES;
				SDKROOT = iphoneos;
				SWIFT_COMPILATION_MODE = wholemodule;
				SWIFT_OPTIMIZATION_LEVEL = "-O";
				VALIDATE_PRODUCT = YES;
			};
			name = Release;
		};
		CA46F99424136A0000C76E2E /* Debug */ = {
			isa = XCBuildConfiguration;
			baseConfigurationReference = 83AFF34B5AE768ED5C7CDFED /* Pods-GeneralElection.debug.xcconfig */;
			buildSettings = {
				ASSETCATALOG_COMPILER_APPICON_NAME = AppIcon;
				CODE_SIGN_STYLE = Automatic;
				DEVELOPMENT_TEAM = HGQ9YZ4HTR;
				INFOPLIST_FILE = GeneralElection/Info.plist;
				IPHONEOS_DEPLOYMENT_TARGET = 11.0;
				LD_RUNPATH_SEARCH_PATHS = (
					"$(inherited)",
					"@executable_path/Frameworks",
				);
				MARKETING_VERSION = 1.0.0;
				PRODUCT_BUNDLE_IDENTIFIER = lets.vote.GeneralElection;
				PRODUCT_NAME = "총선";
				SWIFT_VERSION = 5.0;
				TARGETED_DEVICE_FAMILY = 1;
			};
			name = Debug;
		};
		CA46F99524136A0000C76E2E /* Release */ = {
			isa = XCBuildConfiguration;
			baseConfigurationReference = 93F62ACEFD8BEBFE5CBFCA69 /* Pods-GeneralElection.release.xcconfig */;
			buildSettings = {
				ASSETCATALOG_COMPILER_APPICON_NAME = AppIcon;
				CODE_SIGN_STYLE = Automatic;
				DEVELOPMENT_TEAM = HGQ9YZ4HTR;
				INFOPLIST_FILE = GeneralElection/Info.plist;
				IPHONEOS_DEPLOYMENT_TARGET = 11.0;
				LD_RUNPATH_SEARCH_PATHS = (
					"$(inherited)",
					"@executable_path/Frameworks",
				);
				MARKETING_VERSION = 1.0.0;
				PRODUCT_BUNDLE_IDENTIFIER = lets.vote.GeneralElection;
				PRODUCT_NAME = "총선";
				SWIFT_VERSION = 5.0;
				TARGETED_DEVICE_FAMILY = 1;
			};
			name = Release;
		};
/* End XCBuildConfiguration section */

/* Begin XCConfigurationList section */
		CA46F97A241369FD00C76E2E /* Build configuration list for PBXProject "GeneralElection" */ = {
			isa = XCConfigurationList;
			buildConfigurations = (
				CA46F99124136A0000C76E2E /* Debug */,
				CA46F99224136A0000C76E2E /* Release */,
			);
			defaultConfigurationIsVisible = 0;
			defaultConfigurationName = Release;
		};
		CA46F99324136A0000C76E2E /* Build configuration list for PBXNativeTarget "GeneralElection" */ = {
			isa = XCConfigurationList;
			buildConfigurations = (
				CA46F99424136A0000C76E2E /* Debug */,
				CA46F99524136A0000C76E2E /* Release */,
			);
			defaultConfigurationIsVisible = 0;
			defaultConfigurationName = Release;
		};
/* End XCConfigurationList section */
	};
	rootObject = CA46F977241369FD00C76E2E /* Project object */;
}
